
Microsoft Visual Studio Solution File, Format Version 12.00
# Visual Studio Version 16
VisualStudioVersion = 16.0.29215.179
MinimumVisualStudioVersion = 10.0.40219.1
Project("{A07B5EB6-E848-4116-A8D0-A826331D98C6}") = "SfSampleApp", "SfSampleApp\SfSampleApp.sfproj", "{6E37F76D-5E9B-46CC-97D8-00BE4805DE01}"
EndProject
Project("{9A19103F-16F7-4668-BE54-9A1E7A4F7556}") = "SfSampleApp.Frontend", "SfSampleApp.Frontend\SfSampleApp.Frontend.csproj", "{FF9B0995-34DA-4D7F-BFAF-2C912E7D651A}"
EndProject
Project("{FAE04EC0-301F-11D3-BF4B-00C04F79EFBC}") = "SfSampleApp.ApiGateway", "SfSampleApp.ApiGateway\SfSampleApp.ApiGateway.csproj", "{0CFAE591-0811-4FE4-9804-CF993234D5F0}"
EndProject
Project("{FAE04EC0-301F-11D3-BF4B-00C04F79EFBC}") = "SfSampleApp.InternalApi", "SfSampleApp.InternalApi\SfSampleApp.InternalApi.csproj", "{1D0B7D59-F7A7-4176-8460-2F3410E61A20}"
EndProject
Global
	GlobalSection(SolutionConfigurationPlatforms) = preSolution
		Debug|Any CPU = Debug|Any CPU
		Debug|x64 = Debug|x64
		Release|Any CPU = Release|Any CPU
		Release|x64 = Release|x64
	EndGlobalSection
	GlobalSection(ProjectConfigurationPlatforms) = postSolution
		{6E37F76D-5E9B-46CC-97D8-00BE4805DE01}.Debug|Any CPU.ActiveCfg = Debug|x64
		{6E37F76D-5E9B-46CC-97D8-00BE4805DE01}.Debug|Any CPU.Build.0 = Debug|x64
		{6E37F76D-5E9B-46CC-97D8-00BE4805DE01}.Debug|Any CPU.Deploy.0 = Debug|x64
		{6E37F76D-5E9B-46CC-97D8-00BE4805DE01}.Debug|x64.ActiveCfg = Debug|x64
		{6E37F76D-5E9B-46CC-97D8-00BE4805DE01}.Debug|x64.Build.0 = Debug|x64
		{6E37F76D-5E9B-46CC-97D8-00BE4805DE01}.Debug|x64.Deploy.0 = Debug|x64
		{6E37F76D-5E9B-46CC-97D8-00BE4805DE01}.Release|Any CPU.ActiveCfg = Release|x64
		{6E37F76D-5E9B-46CC-97D8-00BE4805DE01}.Release|x64.ActiveCfg = Release|x64
		{6E37F76D-5E9B-46CC-97D8-00BE4805DE01}.Release|x64.Build.0 = Release|x64
		{6E37F76D-5E9B-46CC-97D8-00BE4805DE01}.Release|x64.Deploy.0 = Release|x64
		{FF9B0995-34DA-4D7F-BFAF-2C912E7D651A}.Debug|Any CPU.ActiveCfg = Debug|Any CPU
		{FF9B0995-34DA-4D7F-BFAF-2C912E7D651A}.Debug|Any CPU.Build.0 = Debug|Any CPU
		{FF9B0995-34DA-4D7F-BFAF-2C912E7D651A}.Debug|x64.ActiveCfg = Debug|Any CPU
		{FF9B0995-34DA-4D7F-BFAF-2C912E7D651A}.Debug|x64.Build.0 = Debug|Any CPU
		{FF9B0995-34DA-4D7F-BFAF-2C912E7D651A}.Release|Any CPU.ActiveCfg = Release|Any CPU
		{FF9B0995-34DA-4D7F-BFAF-2C912E7D651A}.Release|Any CPU.Build.0 = Release|Any CPU
		{FF9B0995-34DA-4D7F-BFAF-2C912E7D651A}.Release|x64.ActiveCfg = Release|Any CPU
		{FF9B0995-34DA-4D7F-BFAF-2C912E7D651A}.Release|x64.Build.0 = Release|Any CPU
		{0CFAE591-0811-4FE4-9804-CF993234D5F0}.Debug|Any CPU.ActiveCfg = Debug|Any CPU
		{0CFAE591-0811-4FE4-9804-CF993234D5F0}.Debug|Any CPU.Build.0 = Debug|Any CPU
		{0CFAE591-0811-4FE4-9804-CF993234D5F0}.Debug|x64.ActiveCfg = Debug|Any CPU
		{0CFAE591-0811-4FE4-9804-CF993234D5F0}.Debug|x64.Build.0 = Debug|Any CPU
		{0CFAE591-0811-4FE4-9804-CF993234D5F0}.Release|Any CPU.ActiveCfg = Release|Any CPU
		{0CFAE591-0811-4FE4-9804-CF993234D5F0}.Release|Any CPU.Build.0 = Release|Any CPU
		{0CFAE591-0811-4FE4-9804-CF993234D5F0}.Release|x64.ActiveCfg = Release|Any CPU
		{0CFAE591-0811-4FE4-9804-CF993234D5F0}.Release|x64.Build.0 = Release|Any CPU
		{1D0B7D59-F7A7-4176-8460-2F3410E61A20}.Debug|Any CPU.ActiveCfg = Debug|Any CPU
		{1D0B7D59-F7A7-4176-8460-2F3410E61A20}.Debug|Any CPU.Build.0 = Debug|Any CPU
		{1D0B7D59-F7A7-4176-8460-2F3410E61A20}.Debug|x64.ActiveCfg = Debug|Any CPU
		{1D0B7D59-F7A7-4176-8460-2F3410E61A20}.Debug|x64.Build.0 = Debug|Any CPU
		{1D0B7D59-F7A7-4176-8460-2F3410E61A20}.Release|Any CPU.ActiveCfg = Release|Any CPU
		{1D0B7D59-F7A7-4176-8460-2F3410E61A20}.Release|Any CPU.Build.0 = Release|Any CPU
		{1D0B7D59-F7A7-4176-8460-2F3410E61A20}.Release|x64.ActiveCfg = Release|Any CPU
		{1D0B7D59-F7A7-4176-8460-2F3410E61A20}.Release|x64.Build.0 = Release|Any CPU
	EndGlobalSection
	GlobalSection(SolutionProperties) = preSolution
		HideSolutionNode = FALSE
	EndGlobalSection
	GlobalSection(ExtensibilityGlobals) = postSolution
		SolutionGuid = {30C20093-64A0-4885-9B6E-704D689E3654}
	EndGlobalSection
EndGlobal
